// !$*UTF8*$!
{
	archiveVersion = 1;
	classes = {
	};
	objectVersion = 77;
	objects = {

/* Begin PBXContainerItemProxy section */
		7FA732E12D58DCB10015A27F /* PBXContainerItemProxy */ = {
			isa = PBXContainerItemProxy;
			containerPortal = 7FA732C32D58DCAE0015A27F /* Project object */;
			proxyType = 1;
			remoteGlobalIDString = 7FA732CA2D58DCAE0015A27F;
			remoteInfo = FilmLand;
		};
		7FA732EB2D58DCB10015A27F /* PBXContainerItemProxy */ = {
			isa = PBXContainerItemProxy;
			containerPortal = 7FA732C32D58DCAE0015A27F /* Project object */;
			proxyType = 1;
			remoteGlobalIDString = 7FA732CA2D58DCAE0015A27F;
			remoteInfo = FilmLand;
		};
/* End PBXContainerItemProxy section */

/* Begin PBXFileReference section */
		7FA732CB2D58DCAE0015A27F /* FilmLand.app */ = {isa = PBXFileReference; explicitFileType = wrapper.application; includeInIndex = 0; path = FilmLand.app; sourceTree = BUILT_PRODUCTS_DIR; };
		7FA732E02D58DCB10015A27F /* FilmLandTests.xctest */ = {isa = PBXFileReference; explicitFileType = wrapper.cfbundle; includeInIndex = 0; path = FilmLandTests.xctest; sourceTree = BUILT_PRODUCTS_DIR; };
		7FA732EA2D58DCB10015A27F /* FilmLandUITests.xctest */ = {isa = PBXFileReference; explicitFileType = wrapper.cfbundle; includeInIndex = 0; path = FilmLandUITests.xctest; sourceTree = BUILT_PRODUCTS_DIR; };
/* End PBXFileReference section */

/* Begin PBXFileSystemSynchronizedRootGroup section */
		7FA732CD2D58DCAE0015A27F /* FilmLand */ = {
			isa = PBXFileSystemSynchronizedRootGroup;
			path = FilmLand;
			sourceTree = "<group>";
		};
		7FA732E32D58DCB10015A27F /* FilmLandTests */ = {
			isa = PBXFileSystemSynchronizedRootGroup;
			path = FilmLandTests;
			sourceTree = "<group>";
		};
		7FA732ED2D58DCB10015A27F /* FilmLandUITests */ = {
			isa = PBXFileSystemSynchronizedRootGroup;
			path = FilmLandUITests;
			sourceTree = "<group>";
		};
/* End PBXFileSystemSynchronizedRootGroup section */

/* Begin PBXFrameworksBuildPhase section */
		7FA732C82D58DCAE0015A27F /* Frameworks */ = {
			isa = PBXFrameworksBuildPhase;
			buildActionMask = 2147483647;
			files = (
			);
			runOnlyForDeploymentPostprocessing = 0;
		};
		7FA732DD2D58DCB10015A27F /* Frameworks */ = {
			isa = PBXFrameworksBuildPhase;
			buildActionMask = 2147483647;
			files = (
			);
			runOnlyForDeploymentPostprocessing = 0;
		};
		7FA732E72D58DCB10015A27F /* Frameworks */ = {
			isa = PBXFrameworksBuildPhase;
			buildActionMask = 2147483647;
			files = (
			);
			runOnlyForDeploymentPostprocessing = 0;
		};
/* End PBXFrameworksBuildPhase section */

/* Begin PBXGroup section */
		7FA732C22D58DCAE0015A27F = {
			isa = PBXGroup;
			children = (
				7FA732CD2D58DCAE0015A27F /* FilmLand */,
				7FA732E32D58DCB10015A27F /* FilmLandTests */,
				7FA732ED2D58DCB10015A27F /* FilmLandUITests */,
				7FA732CC2D58DCAE0015A27F /* Products */,
			);
			sourceTree = "<group>";
		};
		7FA732CC2D58DCAE0015A27F /* Products */ = {
			isa = PBXGroup;
			children = (
				7FA732CB2D58DCAE0015A27F /* FilmLand.app */,
				7FA732E02D58DCB10015A27F /* FilmLandTests.xctest */,
				7FA732EA2D58DCB10015A27F /* FilmLandUITests.xctest */,
			);
			name = Products;
			sourceTree = "<group>";
		};
/* End PBXGroup section */

/* Begin PBXNativeTarget section */
		7FA732CA2D58DCAE0015A27F /* FilmLand */ = {
			isa = PBXNativeTarget;
			buildConfigurationList = 7FA732F42D58DCB10015A27F /* Build configuration list for PBXNativeTarget "FilmLand" */;
			buildPhases = (
				7FA732C72D58DCAE0015A27F /* Sources */,
				7FA732C82D58DCAE0015A27F /* Frameworks */,
				7FA732C92D58DCAE0015A27F /* Resources */,
			);
			buildRules = (
			);
			dependencies = (
			);
			fileSystemSynchronizedGroups = (
				7FA732CD2D58DCAE0015A27F /* FilmLand */,
			);
			name = FilmLand;
			packageProductDependencies = (
			);
			productName = FilmLand;
			productReference = 7FA732CB2D58DCAE0015A27F /* FilmLand.app */;
			productType = "com.apple.product-type.application";
		};
		7FA732DF2D58DCB10015A27F /* FilmLandTests */ = {
			isa = PBXNativeTarget;
			buildConfigurationList = 7FA732F72D58DCB10015A27F /* Build configuration list for PBXNativeTarget "FilmLandTests" */;
			buildPhases = (
				7FA732DC2D58DCB10015A27F /* Sources */,
				7FA732DD2D58DCB10015A27F /* Frameworks */,
				7FA732DE2D58DCB10015A27F /* Resources */,
			);
			buildRules = (
			);
			dependencies = (
				7FA732E22D58DCB10015A27F /* PBXTargetDependency */,
			);
			fileSystemSynchronizedGroups = (
				7FA732E32D58DCB10015A27F /* FilmLandTests */,
			);
			name = FilmLandTests;
			packageProductDependencies = (
			);
			productName = FilmLandTests;
			productReference = 7FA732E02D58DCB10015A27F /* FilmLandTests.xctest */;
			productType = "com.apple.product-type.bundle.unit-test";
		};
		7FA732E92D58DCB10015A27F /* FilmLandUITests */ = {
			isa = PBXNativeTarget;
			buildConfigurationList = 7FA732FA2D58DCB10015A27F /* Build configuration list for PBXNativeTarget "FilmLandUITests" */;
			buildPhases = (
				7FA732E62D58DCB10015A27F /* Sources */,
				7FA732E72D58DCB10015A27F /* Frameworks */,
				7FA732E82D58DCB10015A27F /* Resources */,
			);
			buildRules = (
			);
			dependencies = (
				7FA732EC2D58DCB10015A27F /* PBXTargetDependency */,
			);
			fileSystemSynchronizedGroups = (
				7FA732ED2D58DCB10015A27F /* FilmLandUITests */,
			);
			name = FilmLandUITests;
			packageProductDependencies = (
			);
			productName = FilmLandUITests;
			productReference = 7FA732EA2D58DCB10015A27F /* FilmLandUITests.xctest */;
			productType = "com.apple.product-type.bundle.ui-testing";
		};
/* End PBXNativeTarget section */

/* Begin PBXProject section */
		7FA732C32D58DCAE0015A27F /* Project object */ = {
			isa = PBXProject;
			attributes = {
				BuildIndependentTargetsInParallel = 1;
				LastSwiftUpdateCheck = 1620;
				LastUpgradeCheck = 1620;
				TargetAttributes = {
					7FA732CA2D58DCAE0015A27F = {
						CreatedOnToolsVersion = 16.2;
					};
					7FA732DF2D58DCB10015A27F = {
						CreatedOnToolsVersion = 16.2;
						TestTargetID = 7FA732CA2D58DCAE0015A27F;
					};
					7FA732E92D58DCB10015A27F = {
						CreatedOnToolsVersion = 16.2;
						TestTargetID = 7FA732CA2D58DCAE0015A27F;
					};
				};
			};
			buildConfigurationList = 7FA732C62D58DCAE0015A27F /* Build configuration list for PBXProject "FilmLand" */;
			developmentRegion = en;
			hasScannedForEncodings = 0;
			knownRegions = (
				en,
				Base,
			);
			mainGroup = 7FA732C22D58DCAE0015A27F;
			minimizedProjectReferenceProxies = 1;
			preferredProjectObjectVersion = 77;
			productRefGroup = 7FA732CC2D58DCAE0015A27F /* Products */;
			projectDirPath = "";
			projectRoot = "";
			targets = (
				7FA732CA2D58DCAE0015A27F /* FilmLand */,
				7FA732DF2D58DCB10015A27F /* FilmLandTests */,
				7FA732E92D58DCB10015A27F /* FilmLandUITests */,
			);
		};
/* End PBXProject section */

/* Begin PBXResourcesBuildPhase section */
		7FA732C92D58DCAE0015A27F /* Resources */ = {
			isa = PBXResourcesBuildPhase;
			buildActionMask = 2147483647;
			files = (
			);
			runOnlyForDeploymentPostprocessing = 0;
		};
		7FA732DE2D58DCB10015A27F /* Resources */ = {
			isa = PBXResourcesBuildPhase;
			buildActionMask = 2147483647;
			files = (
			);
			runOnlyForDeploymentPostprocessing = 0;
		};
		7FA732E82D58DCB10015A27F /* Resources */ = {
			isa = PBXResourcesBuildPhase;
			buildActionMask = 2147483647;
			files = (
			);
			runOnlyForDeploymentPostprocessing = 0;
		};
/* End PBXResourcesBuildPhase section */

/* Begin PBXSourcesBuildPhase section */
		7FA732C72D58DCAE0015A27F /* Sources */ = {
			isa = PBXSourcesBuildPhase;
			buildActionMask = 2147483647;
			files = (
			);
			runOnlyForDeploymentPostprocessing = 0;
		};
		7FA732DC2D58DCB10015A27F /* Sources */ = {
			isa = PBXSourcesBuildPhase;
			buildActionMask = 2147483647;
			files = (
			);
			runOnlyForDeploymentPostprocessing = 0;
		};
		7FA732E62D58DCB10015A27F /* Sources */ = {
			isa = PBXSourcesBuildPhase;
			buildActionMask = 2147483647;
			files = (
			);
			runOnlyForDeploymentPostprocessing = 0;
		};
/* End PBXSourcesBuildPhase section */

/* Begin PBXTargetDependency section */
		7FA732E22D58DCB10015A27F /* PBXTargetDependency */ = {
			isa = PBXTargetDependency;
			target = 7FA732CA2D58DCAE0015A27F /* FilmLand */;
			targetProxy = 7FA732E12D58DCB10015A27F /* PBXContainerItemProxy */;
		};
		7FA732EC2D58DCB10015A27F /* PBXTargetDependency */ = {
			isa = PBXTargetDependency;
			target = 7FA732CA2D58DCAE0015A27F /* FilmLand */;
			targetProxy = 7FA732EB2D58DCB10015A27F /* PBXContainerItemProxy */;
		};
/* End PBXTargetDependency section */

/* Begin XCBuildConfiguration section */
		7FA732F22D58DCB10015A27F /* Debug */ = {
			isa = XCBuildConfiguration;
			buildSettings = {
				ALWAYS_SEARCH_USER_PATHS = NO;
				ASSETCATALOG_COMPILER_GENERATE_SWIFT_ASSET_SYMBOL_EXTENSIONS = YES;
				CLANG_ANALYZER_NONNULL = YES;
				CLANG_ANALYZER_NUMBER_OBJECT_CONVERSION = YES_AGGRESSIVE;
				CLANG_CXX_LANGUAGE_STANDARD = "gnu++20";
				CLANG_ENABLE_MODULES = YES;
				CLANG_ENABLE_OBJC_ARC = YES;
				CLANG_ENABLE_OBJC_WEAK = YES;
				CLANG_WARN_BLOCK_CAPTURE_AUTORELEASING = YES;
				CLANG_WARN_BOOL_CONVERSION = YES;
				CLANG_WARN_COMMA = YES;
				CLANG_WARN_CONSTANT_CONVERSION = YES;
				CLANG_WARN_DEPRECATED_OBJC_IMPLEMENTATIONS = YES;
				CLANG_WARN_DIRECT_OBJC_ISA_USAGE = YES_ERROR;
				CLANG_WARN_DOCUMENTATION_COMMENTS = YES;
				CLANG_WARN_EMPTY_BODY = YES;
				CLANG_WARN_ENUM_CONVERSION = YES;
				CLANG_WARN_INFINITE_RECURSION = YES;
				CLANG_WARN_INT_CONVERSION = YES;
				CLANG_WARN_NON_LITERAL_NULL_CONVERSION = YES;
				CLANG_WARN_OBJC_IMPLICIT_RETAIN_SELF = YES;
				CLANG_WARN_OBJC_LITERAL_CONVERSION = YES;
				CLANG_WARN_OBJC_ROOT_CLASS = YES_ERROR;
				CLANG_WARN_QUOTED_INCLUDE_IN_FRAMEWORK_HEADER = YES;
				CLANG_WARN_RANGE_LOOP_ANALYSIS = YES;
				CLANG_WARN_STRICT_PROTOTYPES = YES;
				CLANG_WARN_SUSPICIOUS_MOVE = YES;
				CLANG_WARN_UNGUARDED_AVAILABILITY = YES_AGGRESSIVE;
				CLANG_WARN_UNREACHABLE_CODE = YES;
				CLANG_WARN__DUPLICATE_METHOD_MATCH = YES;
				COPY_PHASE_STRIP = NO;
				DEBUG_INFORMATION_FORMAT = dwarf;
				ENABLE_STRICT_OBJC_MSGSEND = YES;
				ENABLE_TESTABILITY = YES;
				ENABLE_USER_SCRIPT_SANDBOXING = YES;
				GCC_C_LANGUAGE_STANDARD = gnu17;
				GCC_DYNAMIC_NO_PIC = NO;
				GCC_NO_COMMON_BLOCKS = YES;
				GCC_OPTIMIZATION_LEVEL = 0;
				GCC_PREPROCESSOR_DEFINITIONS = (
					"DEBUG=1",
					"$(inherited)",
				);
				GCC_WARN_64_TO_32_BIT_CONVERSION = YES;
				GCC_WARN_ABOUT_RETURN_TYPE = YES_ERROR;
				GCC_WARN_UNDECLARED_SELECTOR = YES;
				GCC_WARN_UNINITIALIZED_AUTOS = YES_AGGRESSIVE;
				GCC_WARN_UNUSED_FUNCTION = YES;
				GCC_WARN_UNUSED_VARIABLE = YES;
				IPHONEOS_DEPLOYMENT_TARGET = 18.2;
				LOCALIZATION_PREFERS_STRING_CATALOGS = YES;
				MTL_ENABLE_DEBUG_INFO = INCLUDE_SOURCE;
				MTL_FAST_MATH = YES;
				ONLY_ACTIVE_ARCH = YES;
				SDKROOT = iphoneos;
				SWIFT_ACTIVE_COMPILATION_CONDITIONS = "DEBUG $(inherited)";
				SWIFT_OPTIMIZATION_LEVEL = "-Onone";
			};
			name = Debug;
		};
		7FA732F32D58DCB10015A27F /* Release */ = {
			isa = XCBuildConfiguration;
			buildSettings = {
				ALWAYS_SEARCH_USER_PATHS = NO;
				ASSETCATALOG_COMPILER_GENERATE_SWIFT_ASSET_SYMBOL_EXTENSIONS = YES;
				CLANG_ANALYZER_NONNULL = YES;
				CLANG_ANALYZER_NUMBER_OBJECT_CONVERSION = YES_AGGRESSIVE;
				CLANG_CXX_LANGUAGE_STANDARD = "gnu++20";
				CLANG_ENABLE_MODULES = YES;
				CLANG_ENABLE_OBJC_ARC = YES;
				CLANG_ENABLE_OBJC_WEAK = YES;
				CLANG_WARN_BLOCK_CAPTURE_AUTORELEASING = YES;
				CLANG_WARN_BOOL_CONVERSION = YES;
				CLANG_WARN_COMMA = YES;
				CLANG_WARN_CONSTANT_CONVERSION = YES;
				CLANG_WARN_DEPRECATED_OBJC_IMPLEMENTATIONS = YES;
				CLANG_WARN_DIRECT_OBJC_ISA_USAGE = YES_ERROR;
				CLANG_WARN_DOCUMENTATION_COMMENTS = YES;
				CLANG_WARN_EMPTY_BODY = YES;
				CLANG_WARN_ENUM_CONVERSION = YES;
				CLANG_WARN_INFINITE_RECURSION = YES;
				CLANG_WARN_INT_CONVERSION = YES;
				CLANG_WARN_NON_LITERAL_NULL_CONVERSION = YES;
				CLANG_WARN_OBJC_IMPLICIT_RETAIN_SELF = YES;
				CLANG_WARN_OBJC_LITERAL_CONVERSION = YES;
				CLANG_WARN_OBJC_ROOT_CLASS = YES_ERROR;
				CLANG_WARN_QUOTED_INCLUDE_IN_FRAMEWORK_HEADER = YES;
				CLANG_WARN_RANGE_LOOP_ANALYSIS = YES;
				CLANG_WARN_STRICT_PROTOTYPES = YES;
				CLANG_WARN_SUSPICIOUS_MOVE = YES;
				CLANG_WARN_UNGUARDED_AVAILABILITY = YES_AGGRESSIVE;
				CLANG_WARN_UNREACHABLE_CODE = YES;
				CLANG_WARN__DUPLICATE_METHOD_MATCH = YES;
				COPY_PHASE_STRIP = NO;
				DEBUG_INFORMATION_FORMAT = "dwarf-with-dsym";
				ENABLE_NS_ASSERTIONS = NO;
				ENABLE_STRICT_OBJC_MSGSEND = YES;
				ENABLE_USER_SCRIPT_SANDBOXING = YES;
				GCC_C_LANGUAGE_STANDARD = gnu17;
				GCC_NO_COMMON_BLOCKS = YES;
				GCC_WARN_64_TO_32_BIT_CONVERSION = YES;
				GCC_WARN_ABOUT_RETURN_TYPE = YES_ERROR;
				GCC_WARN_UNDECLARED_SELECTOR = YES;
				GCC_WARN_UNINITIALIZED_AUTOS = YES_AGGRESSIVE;
				GCC_WARN_UNUSED_FUNCTION = YES;
				GCC_WARN_UNUSED_VARIABLE = YES;
				IPHONEOS_DEPLOYMENT_TARGET = 18.2;
				LOCALIZATION_PREFERS_STRING_CATALOGS = YES;
				MTL_ENABLE_DEBUG_INFO = NO;
				MTL_FAST_MATH = YES;
				SDKROOT = iphoneos;
				SWIFT_COMPILATION_MODE = wholemodule;
				VALIDATE_PRODUCT = YES;
			};
			name = Release;
		};
		7FA732F52D58DCB10015A27F /* Debug */ = {
			isa = XCBuildConfiguration;
			buildSettings = {
				ASSETCATALOG_COMPILER_APPICON_NAME = AppIcon;
				ASSETCATALOG_COMPILER_GLOBAL_ACCENT_COLOR_NAME = AccentColor;
				CODE_SIGN_STYLE = Automatic;
				CURRENT_PROJECT_VERSION = 1;
				DEVELOPMENT_ASSET_PATHS = "\"FilmLand/Preview Content\"";
				ENABLE_PREVIEWS = YES;
				GENERATE_INFOPLIST_FILE = YES;
				INFOPLIST_KEY_CFBundleDisplayName = FilmLand;
				INFOPLIST_KEY_UIApplicationSceneManifest_Generation = YES;
				INFOPLIST_KEY_UIApplicationSupportsIndirectInputEvents = YES;
				INFOPLIST_KEY_UILaunchScreen_Generation = YES;
				INFOPLIST_KEY_UISupportedInterfaceOrientations = UIInterfaceOrientationPortrait;
				INFOPLIST_KEY_UISupportedInterfaceOrientations_iPad = "UIInterfaceOrientationPortrait UIInterfaceOrientationPortraitUpsideDown";
				LD_RUNPATH_SEARCH_PATHS = (
					"$(inherited)",
					"@executable_path/Frameworks",
				);
				MARKETING_VERSION = 1.0;
				PRODUCT_BUNDLE_IDENTIFIER = com.azurudy.FilmLand;
				PRODUCT_NAME = "$(TARGET_NAME)";
				SWIFT_EMIT_LOC_STRINGS = YES;
				SWIFT_VERSION = 5.0;
				TARGETED_DEVICE_FAMILY = "1,2";
			};
			name = Debug;
		};
		7FA732F62D58DCB10015A27F /* Release */ = {
			isa = XCBuildConfiguration;
			buildSettings = {
				ASSETCATALOG_COMPILER_APPICON_NAME = AppIcon;
				ASSETCATALOG_COMPILER_GLOBAL_ACCENT_COLOR_NAME = AccentColor;
				CODE_SIGN_STYLE = Automatic;
				CURRENT_PROJECT_VERSION = 1;
				DEVELOPMENT_ASSET_PATHS = "\"FilmLand/Preview Content\"";
				ENABLE_PREVIEWS = YES;
				GENERATE_INFOPLIST_FILE = YES;
				INFOPLIST_KEY_CFBundleDisplayName = FilmLand;
				INFOPLIST_KEY_UIApplicationSceneManifest_Generation = YES;
				INFOPLIST_KEY_UIApplicationSupportsIndirectInputEvents = YES;
				INFOPLIST_KEY_UILaunchScreen_Generation = YES;
				INFOPLIST_KEY_UISupportedInterfaceOrientations = UIInterfaceOrientationPortrait;
				INFOPLIST_KEY_UISupportedInterfaceOrientations_iPad = "UIInterfaceOrientationPortrait UIInterfaceOrientationPortraitUpsideDown";
				LD_RUNPATH_SEARCH_PATHS = (
					"$(inherited)",
					"@executable_path/Frameworks",
				);
				MARKETING_VERSION = 1.0;
				PRODUCT_BUNDLE_IDENTIFIER = com.azurudy.FilmLand;
				PRODUCT_NAME = "$(TARGET_NAME)";
				SWIFT_EMIT_LOC_STRINGS = YES;
				SWIFT_VERSION = 5.0;
				TARGETED_DEVICE_FAMILY = "1,2";
			};
			name = Release;
		};
		7FA732F82D58DCB10015A27F /* Debug */ = {
			isa = XCBuildConfiguration;
			buildSettings = {
				BUNDLE_LOADER = "$(TEST_HOST)";
				CODE_SIGN_STYLE = Automatic;
				CURRENT_PROJECT_VERSION = 1;
				GENERATE_INFOPLIST_FILE = YES;
				IPHONEOS_DEPLOYMENT_TARGET = 18.2;
				MARKETING_VERSION = 1.0;
				PRODUCT_BUNDLE_IDENTIFIER = com.azurudy.FilmLandTests;
				PRODUCT_NAME = "$(TARGET_NAME)";
				SWIFT_EMIT_LOC_STRINGS = NO;
				SWIFT_VERSION = 5.0;
				TARGETED_DEVICE_FAMILY = "1,2";
				TEST_HOST = "$(BUILT_PRODUCTS_DIR)/FilmLand.app/$(BUNDLE_EXECUTABLE_FOLDER_PATH)/FilmLand";
			};
			name = Debug;
		};
		7FA732F92D58DCB10015A27F /* Release */ = {
			isa = XCBuildConfiguration;
			buildSettings = {
				BUNDLE_LOADER = "$(TEST_HOST)";
				CODE_SIGN_STYLE = Automatic;
				CURRENT_PROJECT_VERSION = 1;
				GENERATE_INFOPLIST_FILE = YES;
				IPHONEOS_DEPLOYMENT_TARGET = 18.2;
				MARKETING_VERSION = 1.0;
				PRODUCT_BUNDLE_IDENTIFIER = com.azurudy.FilmLandTests;
				PRODUCT_NAME = "$(TARGET_NAME)";
				SWIFT_EMIT_LOC_STRINGS = NO;
				SWIFT_VERSION = 5.0;
				TARGETED_DEVICE_FAMILY = "1,2";
				TEST_HOST = "$(BUILT_PRODUCTS_DIR)/FilmLand.app/$(BUNDLE_EXECUTABLE_FOLDER_PATH)/FilmLand";
			};
			name = Release;
		};
		7FA732FB2D58DCB10015A27F /* Debug */ = {
			isa = XCBuildConfiguration;
			buildSettings = {
				CODE_SIGN_STYLE = Automatic;
				CURRENT_PROJECT_VERSION = 1;
				GENERATE_INFOPLIST_FILE = YES;
				MARKETING_VERSION = 1.0;
				PRODUCT_BUNDLE_IDENTIFIER = com.azurudy.FilmLandUITests;
				PRODUCT_NAME = "$(TARGET_NAME)";
				SWIFT_EMIT_LOC_STRINGS = NO;
				SWIFT_VERSION = 5.0;
				TARGETED_DEVICE_FAMILY = "1,2";
				TEST_TARGET_NAME = FilmLand;
			};
			name = Debug;
		};
		7FA732FC2D58DCB10015A27F /* Release */ = {
			isa = XCBuildConfiguration;
			buildSettings = {
				CODE_SIGN_STYLE = Automatic;
				CURRENT_PROJECT_VERSION = 1;
				GENERATE_INFOPLIST_FILE = YES;
				MARKETING_VERSION = 1.0;
				PRODUCT_BUNDLE_IDENTIFIER = com.azurudy.FilmLandUITests;
				PRODUCT_NAME = "$(TARGET_NAME)";
				SWIFT_EMIT_LOC_STRINGS = NO;
				SWIFT_VERSION = 5.0;
				TARGETED_DEVICE_FAMILY = "1,2";
				TEST_TARGET_NAME = FilmLand;
			};
			name = Release;
		};
/* End XCBuildConfiguration section */

/* Begin XCConfigurationList section */
		7FA732C62D58DCAE0015A27F /* Build configuration list for PBXProject "FilmLand" */ = {
			isa = XCConfigurationList;
			buildConfigurations = (
				7FA732F22D58DCB10015A27F /* Debug */,
				7FA732F32D58DCB10015A27F /* Release */,
			);
			defaultConfigurationIsVisible = 0;
			defaultConfigurationName = Release;
		};
		7FA732F42D58DCB10015A27F /* Build configuration list for PBXNativeTarget "FilmLand" */ = {
			isa = XCConfigurationList;
			buildConfigurations = (
				7FA732F52D58DCB10015A27F /* Debug */,
				7FA732F62D58DCB10015A27F /* Release */,
			);
			defaultConfigurationIsVisible = 0;
			defaultConfigurationName = Release;
		};
		7FA732F72D58DCB10015A27F /* Build configuration list for PBXNativeTarget "FilmLandTests" */ = {
			isa = XCConfigurationList;
			buildConfigurations = (
				7FA732F82D58DCB10015A27F /* Debug */,
				7FA732F92D58DCB10015A27F /* Release */,
			);
			defaultConfigurationIsVisible = 0;
			defaultConfigurationName = Release;
		};
		7FA732FA2D58DCB10015A27F /* Build configuration list for PBXNativeTarget "FilmLandUITests" */ = {
			isa = XCConfigurationList;
			buildConfigurations = (
				7FA732FB2D58DCB10015A27F /* Debug */,
				7FA732FC2D58DCB10015A27F /* Release */,
			);
			defaultConfigurationIsVisible = 0;
			defaultConfigurationName = Release;
		};
/* End XCConfigurationList section */
	};
	rootObject = 7FA732C32D58DCAE0015A27F /* Project object */;
}
